
Microsoft Visual Studio Solution File, Format Version 12.00
# Visual Studio Version 17
VisualStudioVersion = 17.13.35806.99 d17.13
MinimumVisualStudioVersion = 10.0.40219.1
Project("{FAE04EC0-301F-11D3-BF4B-00C04F79EFBC}") = "Calculator", "Calculator\Calculator.csproj", "{9596F8E4-C8E4-4775-B649-5CC883D25BA5}"
EndProject
Project("{FAE04EC0-301F-11D3-BF4B-00C04F79EFBC}") = "DebuggingApplication", "DebuggingApplication\DebuggingApplication.csproj", "{8115D54E-0E57-4D63-825C-1410A5CAD3F7}"
EndProject
Global
	GlobalSection(SolutionConfigurationPlatforms) = preSolution
		Debug|Any CPU = Debug|Any CPU
		Release|Any CPU = Release|Any CPU
	EndGlobalSection
	GlobalSection(ProjectConfigurationPlatforms) = postSolution
		{9596F8E4-C8E4-4775-B649-5CC883D25BA5}.Debug|Any CPU.ActiveCfg = Debug|Any CPU
		{9596F8E4-C8E4-4775-B649-5CC883D25BA5}.Debug|Any CPU.Build.0 = Debug|Any CPU
		{9596F8E4-C8E4-4775-B649-5CC883D25BA5}.Release|Any CPU.ActiveCfg = Release|Any CPU
		{9596F8E4-C8E4-4775-B649-5CC883D25BA5}.Release|Any CPU.Build.0 = Release|Any CPU
		{8115D54E-0E57-4D63-825C-1410A5CAD3F7}.Debug|Any CPU.ActiveCfg = Debug|Any CPU
		{8115D54E-0E57-4D63-825C-1410A5CAD3F7}.Debug|Any CPU.Build.0 = Debug|Any CPU
		{8115D54E-0E57-4D63-825C-1410A5CAD3F7}.Release|Any CPU.ActiveCfg = Release|Any CPU
		{8115D54E-0E57-4D63-825C-1410A5CAD3F7}.Release|Any CPU.Build.0 = Release|Any CPU
	EndGlobalSection
	GlobalSection(SolutionProperties) = preSolution
		HideSolutionNode = FALSE
	EndGlobalSection
	GlobalSection(ExtensibilityGlobals) = postSolution
		SolutionGuid = {F9B0D3BF-2190-40E1-9092-449EA39EE0EC}
	EndGlobalSection
EndGlobal
